lockfileVersion: '9.0'

settings:
  autoInstallPeers: true
  excludeLinksFromLockfile: false

importers:

  .:
    devDependencies:
      miniprogram-api-typings:
        specifier: ^4.0.5
        version: 4.0.5

packages:

  miniprogram-api-typings@4.0.5:
    resolution: {integrity: sha512-34pYYg4pwjsE752x/zs7QYLL0x0UGBL/IxTuVRRIXbFcv1msDRCWGyZK5KpsDm2P78Fdaw+B80B8R1qbvX6YhQ==}

snapshots:

  miniprogram-api-typings@4.0.5: {}
